
Microsoft Visual Studio Solution File, Format Version 12.00
# Visual Studio 15
Project("{FAE04EC0-301F-11D3-BF4B-00C04F79EFBC}") = "Assembly-CSharp", "Assembly-CSharp.csproj", "{026D49FA-4C17-1B4C-DB90-8018625D7B93}"
EndProject
Project("{FAE04EC0-301F-11D3-BF4B-00C04F79EFBC}") = "Unity.XR.Interaction.Toolkit.Samples.ARStarterAssets.Editor", "Unity.XR.Interaction.Toolkit.Samples.ARStarterAssets.Editor.csproj", "{D40B8BEF-A05D-3E5B-E113-9052DF350E8D}"
EndProject
Project("{FAE04EC0-301F-11D3-BF4B-00C04F79EFBC}") = "Unity.XR.Interaction.Toolkit.Samples.DeviceSimulator", "Unity.XR.Interaction.Toolkit.Samples.DeviceSimulator.csproj", "{E5547FF4-219E-D610-0E6B-31AA7932998A}"
EndProject
Project("{FAE04EC0-301F-11D3-BF4B-00C04F79EFBC}") = "Unity.XR.Interaction.Toolkit.Samples.StarterAssets", "Unity.XR.Interaction.Toolkit.Samples.StarterAssets.csproj", "{16E2EB64-6568-1481-D950-51278FE7741E}"
EndProject
Project("{FAE04EC0-301F-11D3-BF4B-00C04F79EFBC}") = "Unity.XR.Interaction.Toolkit.Samples.ARStarterAssets", "Unity.XR.Interaction.Toolkit.Samples.ARStarterAssets.csproj", "{675EB75A-6045-08B0-5511-0FE4B71A7AE4}"
EndProject
Project("{FAE04EC0-301F-11D3-BF4B-00C04F79EFBC}") = "Assembly-CSharp-Editor", "Assembly-CSharp-Editor.csproj", "{DD6A6904-698A-EB2E-C50F-6751485FAD94}"
EndProject
Project("{FAE04EC0-301F-11D3-BF4B-00C04F79EFBC}") = "Unity.XR.Interaction.Toolkit.Samples.StarterAssets.Editor", "Unity.XR.Interaction.Toolkit.Samples.StarterAssets.Editor.csproj", "{F072C853-2437-D977-2ED2-30123ACFEE08}"
EndProject
Global
	GlobalSection(SolutionConfigurationPlatforms) = preSolution
		Debug|Any CPU = Debug|Any CPU
		Release|Any CPU = Release|Any CPU
	EndGlobalSection
	GlobalSection(ProjectConfigurationPlatforms) = postSolution
		{026D49FA-4C17-1B4C-DB90-8018625D7B93}.Debug|Any CPU.ActiveCfg = Debug|Any CPU
		{026D49FA-4C17-1B4C-DB90-8018625D7B93}.Debug|Any CPU.Build.0 = Debug|Any CPU
		{026D49FA-4C17-1B4C-DB90-8018625D7B93}.Release|Any CPU.ActiveCfg = Release|Any CPU
		{026D49FA-4C17-1B4C-DB90-8018625D7B93}.Release|Any CPU.Build.0 = Release|Any CPU
		{D40B8BEF-A05D-3E5B-E113-9052DF350E8D}.Debug|Any CPU.ActiveCfg = Debug|Any CPU
		{D40B8BEF-A05D-3E5B-E113-9052DF350E8D}.Debug|Any CPU.Build.0 = Debug|Any CPU
		{D40B8BEF-A05D-3E5B-E113-9052DF350E8D}.Release|Any CPU.ActiveCfg = Release|Any CPU
		{D40B8BEF-A05D-3E5B-E113-9052DF350E8D}.Release|Any CPU.Build.0 = Release|Any CPU
		{E5547FF4-219E-D610-0E6B-31AA7932998A}.Debug|Any CPU.ActiveCfg = Debug|Any CPU
		{E5547FF4-219E-D610-0E6B-31AA7932998A}.Debug|Any CPU.Build.0 = Debug|Any CPU
		{E5547FF4-219E-D610-0E6B-31AA7932998A}.Release|Any CPU.ActiveCfg = Release|Any CPU
		{E5547FF4-219E-D610-0E6B-31AA7932998A}.Release|Any CPU.Build.0 = Release|Any CPU
		{16E2EB64-6568-1481-D950-51278FE7741E}.Debug|Any CPU.ActiveCfg = Debug|Any CPU
		{16E2EB64-6568-1481-D950-51278FE7741E}.Debug|Any CPU.Build.0 = Debug|Any CPU
		{16E2EB64-6568-1481-D950-51278FE7741E}.Release|Any CPU.ActiveCfg = Release|Any CPU
		{16E2EB64-6568-1481-D950-51278FE7741E}.Release|Any CPU.Build.0 = Release|Any CPU
		{675EB75A-6045-08B0-5511-0FE4B71A7AE4}.Debug|Any CPU.ActiveCfg = Debug|Any CPU
		{675EB75A-6045-08B0-5511-0FE4B71A7AE4}.Debug|Any CPU.Build.0 = Debug|Any CPU
		{675EB75A-6045-08B0-5511-0FE4B71A7AE4}.Release|Any CPU.ActiveCfg = Release|Any CPU
		{675EB75A-6045-08B0-5511-0FE4B71A7AE4}.Release|Any CPU.Build.0 = Release|Any CPU
		{DD6A6904-698A-EB2E-C50F-6751485FAD94}.Debug|Any CPU.ActiveCfg = Debug|Any CPU
		{DD6A6904-698A-EB2E-C50F-6751485FAD94}.Debug|Any CPU.Build.0 = Debug|Any CPU
		{DD6A6904-698A-EB2E-C50F-6751485FAD94}.Release|Any CPU.ActiveCfg = Release|Any CPU
		{DD6A6904-698A-EB2E-C50F-6751485FAD94}.Release|Any CPU.Build.0 = Release|Any CPU
		{F072C853-2437-D977-2ED2-30123ACFEE08}.Debug|Any CPU.ActiveCfg = Debug|Any CPU
		{F072C853-2437-D977-2ED2-30123ACFEE08}.Debug|Any CPU.Build.0 = Debug|Any CPU
		{F072C853-2437-D977-2ED2-30123ACFEE08}.Release|Any CPU.ActiveCfg = Release|Any CPU
		{F072C853-2437-D977-2ED2-30123ACFEE08}.Release|Any CPU.Build.0 = Release|Any CPU
	EndGlobalSection
	GlobalSection(SolutionProperties) = preSolution
		HideSolutionNode = FALSE
	EndGlobalSection
EndGlobal
